{
  "version": 4,
  "terraform_version": "1.15.9",
  "serial": 21,
  "lineage": "959c3df1-dee0-4fb3-be6b-93fafe6d92bf",
  "outputs": {},
  "resources": [
    {
      "mode": "data",
      "type": "aws_ami",
      "name": "ubuntu",
      "provider": "provider[\"registry.terraform.io/hashicorp/aws\"]",
      "instances": [
        {
          "schema_version": 0,
          "attributes": {
            "allow_unsafe_filter": null,
            "architecture": "x86_64",
            "arn": "arn:aws:ec2:eu-north-1::image/ami-0fe71de6f2bab5fbf",
            "block_device_mappings": [
              {
                "device_name": "/dev/sda1",
                "ebs": {
                  "delete_on_termination": "true",
                  "encrypted": "false",
                  "iops": "0",
                  "snapshot_id": "snap-06f0b3445801d845d",
                  "throughput": "0",
                  "volume_initialization_rate": "0",
                  "volume_size": "8",
                  "volume_type": "gp3"
                },
                "no_device": "",
                "virtual_name": ""
              },
              {
                "device_name": "/dev/sdb",
                "ebs": {},
                "no_device": "",
                "virtual_name": "ephemeral0"
              },
              {
                "device_name": "/dev/sdc",
                "ebs": {},
                "no_device": "",
                "virtual_name": "ephemeral1"
              }
            ],
            "boot_mode": "uefi-preferred",
            "creation_date": "2026-08-28T11:49:36.000Z",
            "deprecation_time": "2028-08-28T11:49:36.000Z",
            "description": "Canonical, Ubuntu, 24.04, amd64 noble image",
            "ena_support": true,
            "executable_users": null,
            "filter": [
              {
                "name": "name",
                "values": [
                  "ubuntu/images/hvm-ssd-gp3/ubuntu-noble-24.04-amd64-server-*"
                ]
              },
              {
                "name": "virtualization-type",
                "values": [
                  "hvm"
                ]
              }
            ],
            "hypervisor": "xen",
            "id": "ami-0fe71de6f2bab5fbf",
            "image_id": "ami-0fe71de6f2bab5fbf",
            "image_location": "amazon/ubuntu/images/hvm-ssd-gp3/ubuntu-noble-24.04-amd64-server-20260828",
            "image_owner_alias": "amazon",
            "image_type": "machine",
            "imds_support": "v2.0",
            "include_deprecated": false,
            "kernel_id": "",
            "last_launched_time": "",
            "most_recent": true,
            "name": "ubuntu/images/hvm-ssd-gp3/ubuntu-noble-24.04-amd64-server-20260828",
            "name_regex": null,
            "owner_id": "099720109477",
            "owners": [
              "099720109477"
            ],
            "platform": "",
            "platform_details": "Linux/UNIX",
            "product_codes": [],
            "public": true,
            "ramdisk_id": "",
            "region": "eu-north-1",
            "root_device_name": "/dev/sda1",
            "root_device_type": "ebs",
            "root_snapshot_id": "snap-06f0b3445801d845d",
            "sriov_net_support": "simple",
            "state": "available",
            "state_reason": {
              "code": "UNSET",
              "message": "UNSET"
            },
            "tags": {},
            "timeouts": null,
            "tpm_support": "",
            "uefi_data": null,
            "usage_operation": "RunInstances",
            "virtualization_type": "hvm"
          },
          "sensitive_attributes": [],
          "identity_schema_version": 0
        }
      ]
    },
    {
      "mode": "managed",
      "type": "aws_instance",
      "name": "example",
      "provider": "provider[\"registry.terraform.io/hashicorp/aws\"]",
      "instances": [
        {
          "schema_version": 2,
          "attributes": {
            "ami": "ami-0fe71de6f2bab5fbf",
            "arn": "arn:aws:ec2:eu-north-1:971247113371:instance/i-04ee77b643a23f9c0",
            "associate_public_ip_address": true,
            "availability_zone": "eu-north-1a",
            "capacity_reservation_specification": [
              {
                "capacity_reservation_preference": "open",
                "capacity_reservation_target": []
              }
            ],
            "cpu_options": [
              {
                "amd_sev_snp": "",
                "core_count": 1,
                "nested_virtualization": "",
                "threads_per_core": 2
              }
            ],
            "credit_specification": [
              {
                "cpu_credits": "unlimited"
              }
            ],
            "disable_api_stop": false,
            "disable_api_termination": false,
            "ebs_block_device": [],
            "ebs_optimized": false,
            "enable_primary_ipv6": null,
            "enclave_options": [
              {
                "enabled": false
              }
            ],
            "ephemeral_block_device": [],
            "force_destroy": false,
            "get_password_data": false,
            "hibernation": false,
            "host_id": "",
            "host_resource_group_arn": null,
            "iam_instance_profile": "",
            "id": "i-04ee77b643a23f9c0",
            "instance_initiated_shutdown_behavior": "stop",
            "instance_lifecycle": "",
            "instance_market_options": [],
            "instance_state": "running",
            "instance_type": "t3.micro",
            "ipv6_address_count": 0,
            "ipv6_addresses": [],
            "key_name": "MK-ssh-key.pem",
            "launch_template": [],
            "maintenance_options": [
              {
                "auto_recovery": "default"
              }
            ],
            "metadata_options": [
              {
                "http_endpoint": "enabled",
                "http_protocol_ipv6": "disabled",
                "http_put_response_hop_limit": 2,
                "http_tokens": "required",
                "instance_metadata_tags": "disabled"
              }
            ],
            "monitoring": false,
            "network_interface": [],
            "outpost_arn": "",
            "password_data": "",
            "placement_group": "",
            "placement_group_id": "",
            "placement_partition_number": 0,
            "primary_network_interface": [
              {
                "delete_on_termination": true,
                "network_interface_id": "eni-0bc22f71f8f9bb423"
              }
            ],
            "primary_network_interface_id": "eni-0bc22f71f8f9bb423",
            "private_dns": "ip-10-0-0-149.eu-north-1.compute.internal",
            "private_dns_name_options": [
              {
                "enable_resource_name_dns_a_record": false,
                "enable_resource_name_dns_aaaa_record": false,
                "hostname_type": "ip-name"
              }
            ],
            "private_ip": "10.0.0.149",
            "public_dns": "ec2-51-21-220-111.eu-north-1.compute.amazonaws.com",
            "public_ip": "51.21.220.111",
            "region": "eu-north-1",
            "root_block_device": [
              {
                "delete_on_termination": true,
                "device_name": "/dev/sda1",
                "encrypted": false,
                "iops": 3000,
                "kms_key_id": "",
                "tags": {},
                "tags_all": {},
                "throughput": 125,
                "volume_id": "vol-079db8266545d597e",
                "volume_size": 8,
                "volume_type": "gp3"
              }
            ],
            "secondary_network_interface": [],
            "secondary_private_ips": [],
            "security_groups": [],
            "source_dest_check": true,
            "spot_instance_request_id": "",
            "subnet_id": "subnet-0e1a8150d8bff746a",
            "tags": {
              "Name": "MK-instance"
            },
            "tags_all": {
              "Name": "MK-instance"
            },
            "tenancy": "default",
            "timeouts": null,
            "user_data": null,
            "user_data_base64": null,
            "user_data_replace_on_change": false,
            "volume_tags": null,
            "vpc_security_group_ids": [
              "sg-094127ec7166eb6f9"
            ]
          },
          "sensitive_attributes": [],
          "identity_schema_version": 0,
          "identity": {
            "account_id": "971247113371",
            "id": "i-04ee77b643a23f9c0",
            "region": "eu-north-1"
          },
          "private": "eyJlMmJmYjczMC1lY2FhLTExZTYtOGY4OC0zNDM2M2JjN2M0YzAiOnsiY3JlYXRlIjo2MDAwMDAwMDAwMDAsImRlbGV0ZSI6MTIwMDAwMDAwMDAwMCwicmVhZCI6OTAwMDAwMDAwMDAwLCJ1cGRhdGUiOjYwMDAwMDAwMDAwMH0sInNjaGVtYV92ZXJzaW9uIjoiMiJ9",
          "dependencies": [
            "aws_key_pair.mk",
            "aws_security_group.mk_sg",
            "aws_subnet.public",
            "aws_vpc.hellocloud",
            "data.aws_ami.ubuntu",
            "tls_private_key.mk"
          ]
        }
      ]
    },
    {
      "mode": "managed",
      "type": "aws_internet_gateway",
      "name": "igw",
      "provider": "provider[\"registry.terraform.io/hashicorp/aws\"]",
      "instances": [
        {
          "schema_version": 0,
          "attributes": {
            "arn": "arn:aws:ec2:eu-north-1:971247113371:internet-gateway/igw-0361d9e63fc06fc3d",
            "id": "igw-0361d9e63fc06fc3d",
            "owner_id": "971247113371",
            "region": "eu-north-1",
            "tags": {
              "Name": "MK-igw"
            },
            "tags_all": {
              "Name": "MK-igw"
            },
            "timeouts": null,
            "vpc_id": "vpc-0dcc65fb4fd38df86"
          },
          "sensitive_attributes": [],
          "identity_schema_version": 0,
          "identity": {
            "account_id": "971247113371",
            "id": "igw-0361d9e63fc06fc3d",
            "region": "eu-north-1"
          },
          "private": "eyJlMmJmYjczMC1lY2FhLTExZTYtOGY4OC0zNDM2M2JjN2M0YzAiOnsiY3JlYXRlIjoxMjAwMDAwMDAwMDAwLCJkZWxldGUiOjEyMDAwMDAwMDAwMDAsInVwZGF0ZSI6MTIwMDAwMDAwMDAwMH19",
          "dependencies": [
            "aws_vpc.hellocloud"
          ]
        }
      ]
    },
    {
      "mode": "managed",
      "type": "aws_key_pair",
      "name": "mk",
      "provider": "provider[\"registry.terraform.io/hashicorp/aws\"]",
      "instances": [
        {
          "schema_version": 1,
          "attributes": {
            "arn": "arn:aws:ec2:eu-north-1:971247113371:key-pair/MK-ssh-key.pem",
            "fingerprint": "2a:07:4e:61:f2:a6:c2:eb:90:aa:5a:37:e6:83:a3:43",
            "id": "MK-ssh-key.pem",
            "key_name": "MK-ssh-key.pem",
            "key_name_prefix": "",
            "key_pair_id": "key-0afc3d3398641f77a",
            "key_type": "rsa",
            "public_key": "ssh-rsa AAAAB3NzaC1yc2EAAAADAQABAAABAQC8bEfb1KfUBd6586F5+cbA8Wzg7FMX2mMgC5qdB9KIvylp96f38Uc9H2UD9qMYchwuox0EfqlB5pvrahVlx4tTggF+ZzJFziIhTQDdDr9tr+JxPrUR4gwn7m/PDaYhwAklwyDEnn3TvwdxKDWGFB4hXIXknob/rJ3b1p/W0in9VEH1GSi+CzP14TNNRg4bbrfMLPq1GnXrxO+oquJMy9w25NsF1xVwV9HzRAm2aBlmRsxnKEm4BS88ewuqD8lC8iNHKdH7ouy2YpluW7FCYK+8WkFMj6sLMSyTdKEM/pOXf1W26Zn5F44OUGU4prEMEMWxGRnhKHQREjsebs14Wt+V",
            "region": "eu-north-1",
            "tags": {},
            "tags_all": {}
          },
          "sensitive_attributes": [],
          "identity_schema_version": 0,
          "private": "eyJzY2hlbWFfdmVyc2lvbiI6IjEifQ==",
          "dependencies": [
            "tls_private_key.mk"
          ]
        }
      ]
    },
    {
      "mode": "managed",
      "type": "aws_route_table",
      "name": "mk_rtb",
      "provider": "provider[\"registry.terraform.io/hashicorp/aws\"]",
      "instances": [
        {
          "schema_version": 0,
          "attributes": {
            "arn": "arn:aws:ec2:eu-north-1:971247113371:route-table/rtb-0ad91eb25494b4e98",
            "id": "rtb-0ad91eb25494b4e98",
            "owner_id": "971247113371",
            "propagating_vgws": [],
            "region": "eu-north-1",
            "route": [
              {
                "carrier_gateway_id": "",
                "cidr_block": "0.0.0.0/0",
                "core_network_arn": "",
                "destination_prefix_list_id": "",
                "egress_only_gateway_id": "",
                "gateway_id": "igw-0361d9e63fc06fc3d",
                "ipv6_cidr_block": "",
                "local_gateway_id": "",
                "nat_gateway_id": "",
                "network_interface_id": "",
                "odb_network_arn": "",
                "transit_gateway_id": "",
                "vpc_endpoint_id": "",
                "vpc_peering_connection_id": ""
              }
            ],
            "tags": {},
            "tags_all": {},
            "timeouts": null,
            "vpc_id": "vpc-0dcc65fb4fd38df86"
          },
          "sensitive_attributes": [],
          "identity_schema_version": 0,
          "identity": {
            "account_id": "971247113371",
            "id": "rtb-0ad91eb25494b4e98",
            "region": "eu-north-1"
          },
          "private": "eyJlMmJmYjczMC1lY2FhLTExZTYtOGY4OC0zNDM2M2JjN2M0YzAiOnsiY3JlYXRlIjozMDAwMDAwMDAwMDAsImRlbGV0ZSI6MzAwMDAwMDAwMDAwLCJ1cGRhdGUiOjEyMDAwMDAwMDAwMH19",
          "dependencies": [
            "aws_internet_gateway.igw",
            "aws_vpc.hellocloud"
          ]
        }
      ]
    },
    {
      "mode": "managed",
      "type": "aws_route_table_association",
      "name": "rtb_subnet_asso",
      "provider": "provider[\"registry.terraform.io/hashicorp/aws\"]",
      "instances": [
        {
          "schema_version": 0,
          "attributes": {
            "gateway_id": "",
            "id": "rtbassoc-0491c34ebc99710b4",
            "region": "eu-north-1",
            "route_table_id": "rtb-0ad91eb25494b4e98",
            "subnet_id": "subnet-0e1a8150d8bff746a",
            "timeouts": null
          },
          "sensitive_attributes": [],
          "identity_schema_version": 0,
          "identity": {
            "account_id": "971247113371",
            "id": "rtbassoc-0491c34ebc99710b4",
            "region": "eu-north-1"
          },
          "private": "eyJlMmJmYjczMC1lY2FhLTExZTYtOGY4OC0zNDM2M2JjN2M0YzAiOnsiY3JlYXRlIjozMDAwMDAwMDAwMDAsImRlbGV0ZSI6MzAwMDAwMDAwMDAwLCJ1cGRhdGUiOjEyMDAwMDAwMDAwMH19",
          "dependencies": [
            "aws_internet_gateway.igw",
            "aws_route_table.mk_rtb",
            "aws_subnet.public",
            "aws_vpc.hellocloud"
          ]
        }
      ]
    },
    {
      "mode": "managed",
      "type": "aws_security_group",
      "name": "mk_sg",
      "provider": "provider[\"registry.terraform.io/hashicorp/aws\"]",
      "instances": [
        {
          "schema_version": 1,
          "attributes": {
            "arn": "arn:aws:ec2:eu-north-1:971247113371:security-group/sg-094127ec7166eb6f9",
            "description": "Managed by Terraform",
            "egress": [
              {
                "cidr_blocks": [
                  "0.0.0.0/0"
                ],
                "description": "",
                "from_port": 0,
                "ipv6_cidr_blocks": [],
                "prefix_list_ids": [],
                "protocol": "-1",
                "security_groups": [],
                "self": false,
                "to_port": 0
              }
            ],
            "id": "sg-094127ec7166eb6f9",
            "ingress": [
              {
                "cidr_blocks": [
                  "0.0.0.0/0"
                ],
                "description": "",
                "from_port": 22,
                "ipv6_cidr_blocks": [],
                "prefix_list_ids": [],
                "protocol": "tcp",
                "security_groups": [],
                "self": false,
                "to_port": 22
              },
              {
                "cidr_blocks": [
                  "0.0.0.0/0"
                ],
                "description": "",
                "from_port": 443,
                "ipv6_cidr_blocks": [],
                "prefix_list_ids": [],
                "protocol": "tcp",
                "security_groups": [],
                "self": false,
                "to_port": 443
              },
              {
                "cidr_blocks": [
                  "0.0.0.0/0"
                ],
                "description": "",
                "from_port": 80,
                "ipv6_cidr_blocks": [],
                "prefix_list_ids": [],
                "protocol": "tcp",
                "security_groups": [],
                "self": false,
                "to_port": 80
              }
            ],
            "name": "MK-sg",
            "name_prefix": "",
            "owner_id": "971247113371",
            "region": "eu-north-1",
            "revoke_rules_on_delete": false,
            "tags": {
              "Name": "MK-sg"
            },
            "tags_all": {
              "Name": "MK-sg"
            },
            "timeouts": null,
            "vpc_id": "vpc-0dcc65fb4fd38df86"
          },
          "sensitive_attributes": [],
          "identity_schema_version": 0,
          "identity": {
            "account_id": "971247113371",
            "id": "sg-094127ec7166eb6f9",
            "region": "eu-north-1"
          },
          "private": "eyJlMmJmYjczMC1lY2FhLTExZTYtOGY4OC0zNDM2M2JjN2M0YzAiOnsiY3JlYXRlIjo2MDAwMDAwMDAwMDAsImRlbGV0ZSI6OTAwMDAwMDAwMDAwfSwic2NoZW1hX3ZlcnNpb24iOiIxIn0=",
          "dependencies": [
            "aws_vpc.hellocloud"
          ]
        }
      ]
    },
    {
      "mode": "managed",
      "type": "aws_subnet",
      "name": "public",
      "provider": "provider[\"registry.terraform.io/hashicorp/aws\"]",
      "instances": [
        {
          "schema_version": 1,
          "attributes": {
            "arn": "arn:aws:ec2:eu-north-1:971247113371:subnet/subnet-0e1a8150d8bff746a",
            "assign_ipv6_address_on_creation": false,
            "availability_zone": "eu-north-1a",
            "availability_zone_id": "eun1-az1",
            "cidr_block": "10.0.0.0/24",
            "customer_owned_ipv4_pool": "",
            "enable_dns64": false,
            "enable_lni_at_device_index": 0,
            "enable_resource_name_dns_a_record_on_launch": false,
            "enable_resource_name_dns_aaaa_record_on_launch": false,
            "id": "subnet-0e1a8150d8bff746a",
            "ipv4_ipam_pool_id": null,
            "ipv4_netmask_length": null,
            "ipv6_cidr_block": "",
            "ipv6_cidr_block_association_id": "",
            "ipv6_ipam_pool_id": null,
            "ipv6_native": false,
            "ipv6_netmask_length": null,
            "map_customer_owned_ip_on_launch": false,
            "map_public_ip_on_launch": true,
            "outpost_arn": "",
            "owner_id": "971247113371",
            "private_dns_hostname_type_on_launch": "ip-name",
            "region": "eu-north-1",
            "tags": {
              "Name": "MK-public-subnet"
            },
            "tags_all": {
              "Name": "MK-public-subnet"
            },
            "timeouts": null,
            "vpc_id": "vpc-0dcc65fb4fd38df86"
          },
          "sensitive_attributes": [],
          "identity_schema_version": 0,
          "identity": {
            "account_id": "971247113371",
            "id": "subnet-0e1a8150d8bff746a",
            "region": "eu-north-1"
          },
          "private": "eyJlMmJmYjczMC1lY2FhLTExZTYtOGY4OC0zNDM2M2JjN2M0YzAiOnsiY3JlYXRlIjo2MDAwMDAwMDAwMDAsImRlbGV0ZSI6MTIwMDAwMDAwMDAwMH0sInNjaGVtYV92ZXJzaW9uIjoiMSJ9",
          "dependencies": [
            "aws_vpc.hellocloud"
          ]
        }
      ]
    },
    {
      "mode": "managed",
      "type": "aws_vpc",
      "name": "hellocloud",
      "provider": "provider[\"registry.terraform.io/hashicorp/aws\"]",
      "instances": [
        {
          "schema_version": 1,
          "attributes": {
            "arn": "arn:aws:ec2:eu-north-1:971247113371:vpc/vpc-0dcc65fb4fd38df86",
            "assign_generated_ipv6_cidr_block": false,
            "cidr_block": "10.0.0.0/16",
            "default_network_acl_id": "acl-0ce03495f42330fb0",
            "default_route_table_id": "rtb-0847859b66059be38",
            "default_security_group_id": "sg-098bd3faab92e32db",
            "dhcp_options_id": "dopt-08722203487900ef9",
            "enable_dns_hostnames": true,
            "enable_dns_support": true,
            "enable_network_address_usage_metrics": false,
            "id": "vpc-0dcc65fb4fd38df86",
            "instance_tenancy": "default",
            "ipv4_ipam_pool_id": null,
            "ipv4_netmask_length": null,
            "ipv6_association_id": "",
            "ipv6_cidr_block": "",
            "ipv6_cidr_block_network_border_group": "",
            "ipv6_ipam_pool_id": "",
            "ipv6_netmask_length": 0,
            "main_route_table_id": "rtb-0847859b66059be38",
            "owner_id": "971247113371",
            "region": "eu-north-1",
            "tags": {
              "Name": "MK-vpc-eu-north-1",
              "environment": "MK_Test"
            },
            "tags_all": {
              "Name": "MK-vpc-eu-north-1",
              "environment": "MK_Test"
            }
          },
          "sensitive_attributes": [],
          "identity_schema_version": 0,
          "identity": {
            "account_id": "971247113371",
            "id": "vpc-0dcc65fb4fd38df86",
            "region": "eu-north-1"
          },
          "private": "eyJzY2hlbWFfdmVyc2lvbiI6IjEifQ=="
        }
      ]
    },
    {
      "mode": "managed",
      "type": "local_file",
      "name": "ssh_key",
      "provider": "provider[\"registry.terraform.io/hashicorp/local\"]",
      "instances": [
        {
          "schema_version": 0,
          "attributes": {
            "content": "-----BEGIN RSA PRIVATE KEY-----\nMIIEogIBAAKCAQEAvGxH29Sn1AXeufOhefnGwPFs4OxTF9pjIAuanQfSiL8pafen\n9/FHPR9lA/ajGHIcLqMdBH6pQeab62oVZceLU4IBfmcyRc4iIU0A3Q6/ba/icT61\nEeIMJ+5vzw2mIcAJJcMgxJ59078HcSg1hhQeIVyF5J6G/6yd29af1tIp/VRB9Rko\nvgsz9eEzTUYOG263zCz6tRp168TvqKriTMvcNuTbBdcVcFfR80QJtmgZZkbMZyhJ\nuAUvPHsLqg/JQvIjRynR+6LstmKZbluxQmCvvFpBTI+rCzEsk3ShDP6Tl39VtumZ\n+ReODlBlOKaxDBDFsRkZ4Sh0ERI7Hm7NeFrflQIDAQABAoIBAAMJDIRMUfLOsGaW\n9+Y24Z6IlRwvemwzMq8YuMIoVtoomDJykKRkIOVpbM9qSPjTF8ShkI1au//Jhv/9\nGsCjvQkYmk0OvQbWWgLm0ml9PBS4hWGVJMYXueHny6nOertm9E7FLLE2K2k+ldBb\nGTeiedTIQIjtC9gxD+7zb2o+wvnnezxqTzqNFM6mxK7jDTWw6RGAenm3OMGfnfbM\nIZZEKskKab8noYZhQBIXVsI6WAZxcLurKWrAWeUurRFNF+2xfTW6YgLPyNaHGXIb\nyo1FEmZ5/B4RqxjgrcVfvzn73q9l3YQYEcpMYcfXp+f6XQFW4LRwHNZE0C6kivf9\nMDYYfoECgYEAzi9DVNZyLT+1BghZHd+fMcrOFwXgtEKhp1EI3XIsPKyxSZmdAs6r\nRXxsLD+8p6F4sHkp+t4wFxfFoe6nq2lTHuiDqI3W+iw8cawQVx3CA845HOEslMwY\nZMPlaRYP0xyZm9Gr+rGUpFiNj0WixInAmUMUwKNjjZ35pSSmK93BM4ECgYEA6fJw\n3B9LGkvTd/oAndouwX7Ib14RVFbJDuUZC3yKJqxIWg9TTtMx3W5RUv2Gdxgqojzy\nWFQo9Ri/x3TtPnR3NoLBoCMZ7fpfYy1aaF/BXahSlfLN656BzLVOc56lXDWoGJgr\n43LftCC1/AwL/Y4KkhMCZxdrrce6alJAXl4cphUCgYBDLaEJfkl7NrubeJLYqeir\nh4F4fODGusMCyeNSi4WgS0AEU/mVVZL2M+Dm1el40KKLFR85brVKgONSrHiS3+FG\nO8nR3E0D++/BtacpSzfQl5uCLlehL5JvGmifwaFsTnA6FamsJ7nfhj6xRKYQ1TUc\nen/DeDjShns1dGhz+G+fgQKBgAuF4YE2GWDmMzhJnBYqVPs632x82aWp0KVnK2Ch\ndbyJ59ZnwtazGFWrxV2tFx5ulkr/bYBkRNAts+SDIdxdqDGLJzZYBELwfhpIdZeG\nf+O5ErhICVR9ri8DDyYqvkJYcjsj46WEVvhsVApiHYUTpfmj7g5d3PPmToxGGN2N\nDSQxAoGASHlvC+vvtvBHobj5k8IoXGyJJ6FjN5CuP58MkH2mj3a/ptxoGYypeVVS\nS9lu9Z8Z6z5MnYR0bAA9MTQ56OMwXeYPO10PO4S9E97Lqg8fg7XV1ycuUDqHA6dr\nmbuOEFIDA47HhvlbWC+oNtwpX82GGFd8GaUcLQjBRyjmxz63BzA=\n-----END RSA PRIVATE KEY-----\n",
            "content_base64": null,
            "content_base64sha256": "5+dShK2fozDEGOvzqU3LJ9v51G82eyylblJjf8mk0gY=",
            "content_base64sha512": "uvvP2rEl91fOj5GfAiu5ecE1krOjhNOCqfetlArWU57JlQRSx6+KzxZA1+sKR9ITbs5zaWcMXN9bwLnuFN8Obw==",
            "content_md5": "e956079e0b00112639a8cdeade81af4a",
            "content_sha1": "6ae7be8ae4b1ae199a461053cda1fa4e8169c8e8",
            "content_sha256": "e7e75284ad9fa330c418ebf3a94dcb27dbf9d46f367b2ca56e52637fc9a4d206",
            "content_sha512": "bafbcfdab125f757ce8f919f022bb979c13592b3a384d382a9f7ad940ad6539ec9950452c7af8acf1640d7eb0a47d2136ece7369670c5cdf5bc0b9ee14df0e6f",
            "directory_permission": "0777",
            "file_permission": "0400",
            "filename": "./MK-ssh-key.pem",
            "id": "6ae7be8ae4b1ae199a461053cda1fa4e8169c8e8",
            "sensitive_content": null,
            "source": null
          },
          "sensitive_attributes": [
            [
              {
                "type": "get_attr",
                "value": "content"
              }
            ],
            [
              {
                "type": "get_attr",
                "value": "sensitive_content"
              }
            ]
          ],
          "identity_schema_version": 0,
          "dependencies": [
            "tls_private_key.mk"
          ]
        }
      ]
    },
    {
      "mode": "managed",
      "type": "tls_private_key",
      "name": "mk",
      "provider": "provider[\"registry.terraform.io/hashicorp/tls\"]",
      "instances": [
        {
          "schema_version": 1,
          "attributes": {
            "algorithm": "RSA",
            "ecdsa_curve": "P224",
            "id": "f5c3804b657eba0fe37bbb588cc83a126c9b4367",
            "private_key_openssh": "-----BEGIN OPENSSH PRIVATE KEY-----\nb3BlbnNzaC1rZXktdjEAAAAABG5vbmUAAAAEbm9uZQAAAAAAAAABAAABFwAAAAdz\nc2gtcnNhAAAAAwEAAQAAAQEAvGxH29Sn1AXeufOhefnGwPFs4OxTF9pjIAuanQfS\niL8pafen9/FHPR9lA/ajGHIcLqMdBH6pQeab62oVZceLU4IBfmcyRc4iIU0A3Q6/\nba/icT61EeIMJ+5vzw2mIcAJJcMgxJ59078HcSg1hhQeIVyF5J6G/6yd29af1tIp\n/VRB9Rkovgsz9eEzTUYOG263zCz6tRp168TvqKriTMvcNuTbBdcVcFfR80QJtmgZ\nZkbMZyhJuAUvPHsLqg/JQvIjRynR+6LstmKZbluxQmCvvFpBTI+rCzEsk3ShDP6T\nl39VtumZ+ReODlBlOKaxDBDFsRkZ4Sh0ERI7Hm7NeFrflQAAA7g6yUINOslCDQAA\nAAdzc2gtcnNhAAABAQC8bEfb1KfUBd6586F5+cbA8Wzg7FMX2mMgC5qdB9KIvylp\n96f38Uc9H2UD9qMYchwuox0EfqlB5pvrahVlx4tTggF+ZzJFziIhTQDdDr9tr+Jx\nPrUR4gwn7m/PDaYhwAklwyDEnn3TvwdxKDWGFB4hXIXknob/rJ3b1p/W0in9VEH1\nGSi+CzP14TNNRg4bbrfMLPq1GnXrxO+oquJMy9w25NsF1xVwV9HzRAm2aBlmRsxn\nKEm4BS88ewuqD8lC8iNHKdH7ouy2YpluW7FCYK+8WkFMj6sLMSyTdKEM/pOXf1W2\n6Zn5F44OUGU4prEMEMWxGRnhKHQREjsebs14Wt+VAAAAAwEAAQAAAQADCQyETFHy\nzrBmlvfmNuGeiJUcL3psMzKvGLjCKFbaKJgycpCkZCDlaWzPakj40xfEoZCNWrv/\nyYb//RrAo70JGJpNDr0G1loC5tJpfTwUuIVhlSTGF7nh58upznq7ZvROxSyxNitp\nPpXQWxk3onnUyECI7QvYMQ/u829qPsL553s8ak86jRTOpsSu4w01sOkRgHp5tzjB\nn532zCGWRCrJCmm/J6GGYUASF1bCOlgGcXC7qylqwFnlLq0RTRftsX01umICz8jW\nhxlyG8qNRRJmefweEasY4K3FX785+96vZd2EGBHKTGHH16fn+l0BVuC0cBzWRNAu\npIr3/TA2GH6BAAAAgEh5bwvr77bwR6G4+ZPCKFxsiSehYzeQrj+fDJB9po92v6bc\naBmMqXlVUkvZbvWfGes+TJ2EdGwAPTE0OejjMF3mDztdDzuEvRPey6oPH4O11dcn\nLlA6hwOna5m7jhBSAwOOx4b5W1gvqDbcKV/NhhhXfBmlHC0IwUco5sc+twcwAAAA\ngQDOL0NU1nItP7UGCFkd358xys4XBeC0QqGnUQjdciw8rLFJmZ0CzqtFfGwsP7yn\noXiweSn63jAXF8Wh7qeraVMe6IOojdb6LDxxrBBXHcIDzjkc4SyUzBhkw+VpFg/T\nHJmb0av6sZSkWI2PRaLEicCZQxTAo2ONnfmlJKYr3cEzgQAAAIEA6fJw3B9LGkvT\nd/oAndouwX7Ib14RVFbJDuUZC3yKJqxIWg9TTtMx3W5RUv2GdxgqojzyWFQo9Ri/\nx3TtPnR3NoLBoCMZ7fpfYy1aaF/BXahSlfLN656BzLVOc56lXDWoGJgr43LftCC1\n/AwL/Y4KkhMCZxdrrce6alJAXl4cphUAAAAAAQID\n-----END OPENSSH PRIVATE KEY-----\n",
            "private_key_pem": "-----BEGIN RSA PRIVATE KEY-----\nMIIEogIBAAKCAQEAvGxH29Sn1AXeufOhefnGwPFs4OxTF9pjIAuanQfSiL8pafen\n9/FHPR9lA/ajGHIcLqMdBH6pQeab62oVZceLU4IBfmcyRc4iIU0A3Q6/ba/icT61\nEeIMJ+5vzw2mIcAJJcMgxJ59078HcSg1hhQeIVyF5J6G/6yd29af1tIp/VRB9Rko\nvgsz9eEzTUYOG263zCz6tRp168TvqKriTMvcNuTbBdcVcFfR80QJtmgZZkbMZyhJ\nuAUvPHsLqg/JQvIjRynR+6LstmKZbluxQmCvvFpBTI+rCzEsk3ShDP6Tl39VtumZ\n+ReODlBlOKaxDBDFsRkZ4Sh0ERI7Hm7NeFrflQIDAQABAoIBAAMJDIRMUfLOsGaW\n9+Y24Z6IlRwvemwzMq8YuMIoVtoomDJykKRkIOVpbM9qSPjTF8ShkI1au//Jhv/9\nGsCjvQkYmk0OvQbWWgLm0ml9PBS4hWGVJMYXueHny6nOertm9E7FLLE2K2k+ldBb\nGTeiedTIQIjtC9gxD+7zb2o+wvnnezxqTzqNFM6mxK7jDTWw6RGAenm3OMGfnfbM\nIZZEKskKab8noYZhQBIXVsI6WAZxcLurKWrAWeUurRFNF+2xfTW6YgLPyNaHGXIb\nyo1FEmZ5/B4RqxjgrcVfvzn73q9l3YQYEcpMYcfXp+f6XQFW4LRwHNZE0C6kivf9\nMDYYfoECgYEAzi9DVNZyLT+1BghZHd+fMcrOFwXgtEKhp1EI3XIsPKyxSZmdAs6r\nRXxsLD+8p6F4sHkp+t4wFxfFoe6nq2lTHuiDqI3W+iw8cawQVx3CA845HOEslMwY\nZMPlaRYP0xyZm9Gr+rGUpFiNj0WixInAmUMUwKNjjZ35pSSmK93BM4ECgYEA6fJw\n3B9LGkvTd/oAndouwX7Ib14RVFbJDuUZC3yKJqxIWg9TTtMx3W5RUv2Gdxgqojzy\nWFQo9Ri/x3TtPnR3NoLBoCMZ7fpfYy1aaF/BXahSlfLN656BzLVOc56lXDWoGJgr\n43LftCC1/AwL/Y4KkhMCZxdrrce6alJAXl4cphUCgYBDLaEJfkl7NrubeJLYqeir\nh4F4fODGusMCyeNSi4WgS0AEU/mVVZL2M+Dm1el40KKLFR85brVKgONSrHiS3+FG\nO8nR3E0D++/BtacpSzfQl5uCLlehL5JvGmifwaFsTnA6FamsJ7nfhj6xRKYQ1TUc\nen/DeDjShns1dGhz+G+fgQKBgAuF4YE2GWDmMzhJnBYqVPs632x82aWp0KVnK2Ch\ndbyJ59ZnwtazGFWrxV2tFx5ulkr/bYBkRNAts+SDIdxdqDGLJzZYBELwfhpIdZeG\nf+O5ErhICVR9ri8DDyYqvkJYcjsj46WEVvhsVApiHYUTpfmj7g5d3PPmToxGGN2N\nDSQxAoGASHlvC+vvtvBHobj5k8IoXGyJJ6FjN5CuP58MkH2mj3a/ptxoGYypeVVS\nS9lu9Z8Z6z5MnYR0bAA9MTQ56OMwXeYPO10PO4S9E97Lqg8fg7XV1ycuUDqHA6dr\nmbuOEFIDA47HhvlbWC+oNtwpX82GGFd8GaUcLQjBRyjmxz63BzA=\n-----END RSA PRIVATE KEY-----\n",
            "private_key_pem_pkcs8": "-----BEGIN PRIVATE KEY-----\nMIIEvAIBADANBgkqhkiG9w0BAQEFAASCBKYwggSiAgEAAoIBAQC8bEfb1KfUBd65\n86F5+cbA8Wzg7FMX2mMgC5qdB9KIvylp96f38Uc9H2UD9qMYchwuox0EfqlB5pvr\nahVlx4tTggF+ZzJFziIhTQDdDr9tr+JxPrUR4gwn7m/PDaYhwAklwyDEnn3Tvwdx\nKDWGFB4hXIXknob/rJ3b1p/W0in9VEH1GSi+CzP14TNNRg4bbrfMLPq1GnXrxO+o\nquJMy9w25NsF1xVwV9HzRAm2aBlmRsxnKEm4BS88ewuqD8lC8iNHKdH7ouy2Yplu\nW7FCYK+8WkFMj6sLMSyTdKEM/pOXf1W26Zn5F44OUGU4prEMEMWxGRnhKHQREjse\nbs14Wt+VAgMBAAECggEAAwkMhExR8s6wZpb35jbhnoiVHC96bDMyrxi4wihW2iiY\nMnKQpGQg5Wlsz2pI+NMXxKGQjVq7/8mG//0awKO9CRiaTQ69BtZaAubSaX08FLiF\nYZUkxhe54efLqc56u2b0TsUssTYraT6V0FsZN6J51MhAiO0L2DEP7vNvaj7C+ed7\nPGpPOo0UzqbEruMNNbDpEYB6ebc4wZ+d9swhlkQqyQppvyehhmFAEhdWwjpYBnFw\nu6spasBZ5S6tEU0X7bF9NbpiAs/I1ocZchvKjUUSZnn8HhGrGOCtxV+/Ofver2Xd\nhBgRykxhx9en5/pdAVbgtHAc1kTQLqSK9/0wNhh+gQKBgQDOL0NU1nItP7UGCFkd\n358xys4XBeC0QqGnUQjdciw8rLFJmZ0CzqtFfGwsP7ynoXiweSn63jAXF8Wh7qer\naVMe6IOojdb6LDxxrBBXHcIDzjkc4SyUzBhkw+VpFg/THJmb0av6sZSkWI2PRaLE\nicCZQxTAo2ONnfmlJKYr3cEzgQKBgQDp8nDcH0saS9N3+gCd2i7BfshvXhFUVskO\n5RkLfIomrEhaD1NO0zHdblFS/YZ3GCqiPPJYVCj1GL/HdO0+dHc2gsGgIxnt+l9j\nLVpoX8FdqFKV8s3rnoHMtU5znqVcNagYmCvjct+0ILX8DAv9jgqSEwJnF2utx7pq\nUkBeXhymFQKBgEMtoQl+SXs2u5t4ktip6KuHgXh84Ma6wwLJ41KLhaBLQART+ZVV\nkvYz4ObV6XjQoosVHzlutUqA41KseJLf4UY7ydHcTQP778G1pylLN9CXm4IuV6Ev\nkm8aaJ/BoWxOcDoVqawnud+GPrFEphDVNRx6f8N4ONKGezV0aHP4b5+BAoGAC4Xh\ngTYZYOYzOEmcFipU+zrfbHzZpanQpWcrYKF1vInn1mfC1rMYVavFXa0XHm6WSv9t\ngGRE0C2z5IMh3F2oMYsnNlgEQvB+Gkh1l4Z/47kSuEgJVH2uLwMPJiq+QlhyOyPj\npYRW+GxUCmIdhROl+aPuDl3c8+ZOjEYY3Y0NJDECgYBIeW8L6++28EehuPmTwihc\nbIknoWM3kK4/nwyQfaaPdr+m3GgZjKl5VVJL2W71nxnrPkydhHRsAD0xNDno4zBd\n5g87XQ87hL0T3suqDx+DtdXXJy5QOocDp2uZu44QUgMDjseG+VtYL6g23ClfzYYY\nV3wZpRwtCMFHKObHPrcHMA==\n-----END PRIVATE KEY-----\n",
            "public_key_fingerprint_md5": "c9:0d:67:a6:d0:74:b7:d6:20:4e:8f:bf:3e:6e:30:91",
            "public_key_fingerprint_sha256": "SHA256:EqY2Ic+O7M74wyXp18dDQKZ9xGZlI1lQc//D3MngtKs",
            "public_key_openssh": "ssh-rsa AAAAB3NzaC1yc2EAAAADAQABAAABAQC8bEfb1KfUBd6586F5+cbA8Wzg7FMX2mMgC5qdB9KIvylp96f38Uc9H2UD9qMYchwuox0EfqlB5pvrahVlx4tTggF+ZzJFziIhTQDdDr9tr+JxPrUR4gwn7m/PDaYhwAklwyDEnn3TvwdxKDWGFB4hXIXknob/rJ3b1p/W0in9VEH1GSi+CzP14TNNRg4bbrfMLPq1GnXrxO+oquJMy9w25NsF1xVwV9HzRAm2aBlmRsxnKEm4BS88ewuqD8lC8iNHKdH7ouy2YpluW7FCYK+8WkFMj6sLMSyTdKEM/pOXf1W26Zn5F44OUGU4prEMEMWxGRnhKHQREjsebs14Wt+V\n",
            "public_key_pem": "-----BEGIN PUBLIC KEY-----\nMIIBIjANBgkqhkiG9w0BAQEFAAOCAQ8AMIIBCgKCAQEAvGxH29Sn1AXeufOhefnG\nwPFs4OxTF9pjIAuanQfSiL8pafen9/FHPR9lA/ajGHIcLqMdBH6pQeab62oVZceL\nU4IBfmcyRc4iIU0A3Q6/ba/icT61EeIMJ+5vzw2mIcAJJcMgxJ59078HcSg1hhQe\nIVyF5J6G/6yd29af1tIp/VRB9Rkovgsz9eEzTUYOG263zCz6tRp168TvqKriTMvc\nNuTbBdcVcFfR80QJtmgZZkbMZyhJuAUvPHsLqg/JQvIjRynR+6LstmKZbluxQmCv\nvFpBTI+rCzEsk3ShDP6Tl39VtumZ+ReODlBlOKaxDBDFsRkZ4Sh0ERI7Hm7NeFrf\nlQIDAQAB\n-----END PUBLIC KEY-----\n",
            "rsa_bits": 2048
          },
          "sensitive_attributes": [
            [
              {
                "type": "get_attr",
                "value": "private_key_openssh"
              }
            ],
            [
              {
                "type": "get_attr",
                "value": "private_key_pem"
              }
            ],
            [
              {
                "type": "get_attr",
                "value": "private_key_pem_pkcs8"
              }
            ]
          ],
          "identity_schema_version": 0
        }
      ]
    }
  ],
  "check_results": null
}
